// !$*UTF8*$!
{
	archiveVersion = 1;
	classes = {
	};
	objectVersion = 46;
	objects = {

/* Begin PBXBuildFile section */
		476E78BA1F75192C00773AEB /* AppDelegate.m in Sources */ = {isa = PBXBuildFile; fileRef = 476E78B91F75192C00773AEB /* AppDelegate.m */; };
		476E78BD1F75192C00773AEB /* main.m in Sources */ = {isa = PBXBuildFile; fileRef = 476E78BC1F75192C00773AEB /* main.m */; };
		476E78C01F75192C00773AEB /* ViewController.m in Sources */ = {isa = PBXBuildFile; fileRef = 476E78BF1F75192C00773AEB /* ViewController.m */; };
		476E78C21F75192C00773AEB /* Assets.xcassets in Resources */ = {isa = PBXBuildFile; fileRef = 476E78C11F75192C00773AEB /* Assets.xcassets */; };
		476E78C51F75192C00773AEB /* Main.storyboard in Resources */ = {isa = PBXBuildFile; fileRef = 476E78C31F75192C00773AEB /* Main.storyboard */; };
		476E78D01F75192D00773AEB /* ArrayViewControllerTests.m in Sources */ = {isa = PBXBuildFile; fileRef = 476E78CF1F75192D00773AEB /* ArrayViewControllerTests.m */; };
		476E78DB1F75192D00773AEB /* ArrayViewControllerUITests.m in Sources */ = {isa = PBXBuildFile; fileRef = 476E78DA1F75192D00773AEB /* ArrayViewControllerUITests.m */; };
		476E78EB1F75195B00773AEB /* TableViewController.m in Sources */ = {isa = PBXBuildFile; fileRef = 476E78E91F75195B00773AEB /* TableViewController.m */; };
		476E78EC1F75195B00773AEB /* TableViewController.xib in Resources */ = {isa = PBXBuildFile; fileRef = 476E78EA1F75195B00773AEB /* TableViewController.xib */; };
		47DF3CBC1F7647A0009013EF /* Document.m in Sources */ = {isa = PBXBuildFile; fileRef = 47DF3CBB1F7647A0009013EF /* Document.m */; };
/* End PBXBuildFile section */

/* Begin PBXContainerItemProxy section */
		476E78CC1F75192D00773AEB /* PBXContainerItemProxy */ = {
			isa = PBXContainerItemProxy;
			containerPortal = 476E78AD1F75192B00773AEB /* Project object */;
			proxyType = 1;
			remoteGlobalIDString = 476E78B41F75192B00773AEB;
			remoteInfo = ArrayViewController;
		};
		476E78D71F75192D00773AEB /* PBXContainerItemProxy */ = {
			isa = PBXContainerItemProxy;
			containerPortal = 476E78AD1F75192B00773AEB /* Project object */;
			proxyType = 1;
			remoteGlobalIDString = 476E78B41F75192B00773AEB;
			remoteInfo = ArrayViewController;
		};
/* End PBXContainerItemProxy section */

/* Begin PBXFileReference section */
		476E78B51F75192B00773AEB /* ArrayViewController.app */ = {isa = PBXFileReference; explicitFileType = wrapper.application; includeInIndex = 0; path = ArrayViewController.app; sourceTree = BUILT_PRODUCTS_DIR; };
		476E78B81F75192C00773AEB /* AppDelegate.h */ = {isa = PBXFileReference; lastKnownFileType = sourcecode.c.h; path = AppDelegate.h; sourceTree = "<group>"; };
		476E78B91F75192C00773AEB /* AppDelegate.m */ = {isa = PBXFileReference; lastKnownFileType = sourcecode.c.objc; path = AppDelegate.m; sourceTree = "<group>"; };
		476E78BC1F75192C00773AEB /* main.m */ = {isa = PBXFileReference; lastKnownFileType = sourcecode.c.objc; path = main.m; sourceTree = "<group>"; };
		476E78BE1F75192C00773AEB /* ViewController.h */ = {isa = PBXFileReference; lastKnownFileType = sourcecode.c.h; path = ViewController.h; sourceTree = "<group>"; };
		476E78BF1F75192C00773AEB /* ViewController.m */ = {isa = PBXFileReference; lastKnownFileType = sourcecode.c.objc; path = ViewController.m; sourceTree = "<group>"; };
		476E78C11F75192C00773AEB /* Assets.xcassets */ = {isa = PBXFileReference; lastKnownFileType = folder.assetcatalog; path = Assets.xcassets; sourceTree = "<group>"; };
		476E78C41F75192C00773AEB /* Base */ = {isa = PBXFileReference; lastKnownFileType = file.storyboard; name = Base; path = Base.lproj/Main.storyboard; sourceTree = "<group>"; };
		476E78C61F75192C00773AEB /* Info.plist */ = {isa = PBXFileReference; lastKnownFileType = text.plist.xml; path = Info.plist; sourceTree = "<group>"; };
		476E78CB1F75192D00773AEB /* ArrayViewControllerTests.xctest */ = {isa = PBXFileReference; explicitFileType = wrapper.cfbundle; includeInIndex = 0; path = ArrayViewControllerTests.xctest; sourceTree = BUILT_PRODUCTS_DIR; };
		476E78CF1F75192D00773AEB /* ArrayViewControllerTests.m */ = {isa = PBXFileReference; lastKnownFileType = sourcecode.c.objc; path = ArrayViewControllerTests.m; sourceTree = "<group>"; };
		476E78D11F75192D00773AEB /* Info.plist */ = {isa = PBXFileReference; lastKnownFileType = text.plist.xml; path = Info.plist; sourceTree = "<group>"; };
		476E78D61F75192D00773AEB /* ArrayViewControllerUITests.xctest */ = {isa = PBXFileReference; explicitFileType = wrapper.cfbundle; includeInIndex = 0; path = ArrayViewControllerUITests.xctest; sourceTree = BUILT_PRODUCTS_DIR; };
		476E78DA1F75192D00773AEB /* ArrayViewControllerUITests.m */ = {isa = PBXFileReference; lastKnownFileType = sourcecode.c.objc; path = ArrayViewControllerUITests.m; sourceTree = "<group>"; };
		476E78DC1F75192D00773AEB /* Info.plist */ = {isa = PBXFileReference; lastKnownFileType = text.plist.xml; path = Info.plist; sourceTree = "<group>"; };
		476E78E81F75195B00773AEB /* TableViewController.h */ = {isa = PBXFileReference; fileEncoding = 4; lastKnownFileType = sourcecode.c.h; path = TableViewController.h; sourceTree = "<group>"; };
		476E78E91F75195B00773AEB /* TableViewController.m */ = {isa = PBXFileReference; fileEncoding = 4; lastKnownFileType = sourcecode.c.objc; path = TableViewController.m; sourceTree = "<group>"; };
		476E78EA1F75195B00773AEB /* TableViewController.xib */ = {isa = PBXFileReference; fileEncoding = 4; lastKnownFileType = file.xib; path = TableViewController.xib; sourceTree = "<group>"; };
		47DF3CBA1F7647A0009013EF /* Document.h */ = {isa = PBXFileReference; fileEncoding = 4; lastKnownFileType = sourcecode.c.h; path = Document.h; sourceTree = "<group>"; };
		47DF3CBB1F7647A0009013EF /* Document.m */ = {isa = PBXFileReference; fileEncoding = 4; lastKnownFileType = sourcecode.c.objc; path = Document.m; sourceTree = "<group>"; };
/* End PBXFileReference section */

/* Begin PBXFrameworksBuildPhase section */
		476E78B21F75192B00773AEB /* Frameworks */ = {
			isa = PBXFrameworksBuildPhase;
			buildActionMask = 2147483647;
			files = (
			);
			runOnlyForDeploymentPostprocessing = 0;
		};
		476E78C81F75192D00773AEB /* Frameworks */ = {
			isa = PBXFrameworksBuildPhase;
			buildActionMask = 2147483647;
			files = (
			);
			runOnlyForDeploymentPostprocessing = 0;
		};
		476E78D31F75192D00773AEB /* Frameworks */ = {
			isa = PBXFrameworksBuildPhase;
			buildActionMask = 2147483647;
			files = (
			);
			runOnlyForDeploymentPostprocessing = 0;
		};
/* End PBXFrameworksBuildPhase section */

/* Begin PBXGroup section */
		476E78AC1F75192B00773AEB = {
			isa = PBXGroup;
			children = (
				476E78B71F75192B00773AEB /* ArrayViewController */,
				476E78CE1F75192D00773AEB /* ArrayViewControllerTests */,
				476E78D91F75192D00773AEB /* ArrayViewControllerUITests */,
				476E78B61F75192B00773AEB /* Products */,
			);
			sourceTree = "<group>";
		};
		476E78B61F75192B00773AEB /* Products */ = {
			isa = PBXGroup;
			children = (
				476E78B51F75192B00773AEB /* ArrayViewController.app */,
				476E78CB1F75192D00773AEB /* ArrayViewControllerTests.xctest */,
				476E78D61F75192D00773AEB /* ArrayViewControllerUITests.xctest */,
			);
			name = Products;
			sourceTree = "<group>";
		};
		476E78B71F75192B00773AEB /* ArrayViewController */ = {
			isa = PBXGroup;
			children = (
				476E78B81F75192C00773AEB /* AppDelegate.h */,
				476E78B91F75192C00773AEB /* AppDelegate.m */,
				476E78BE1F75192C00773AEB /* ViewController.h */,
				47DF3CBA1F7647A0009013EF /* Document.h */,
				47DF3CBB1F7647A0009013EF /* Document.m */,
				476E78BF1F75192C00773AEB /* ViewController.m */,
				476E78E81F75195B00773AEB /* TableViewController.h */,
				476E78E91F75195B00773AEB /* TableViewController.m */,
				476E78EA1F75195B00773AEB /* TableViewController.xib */,
				476E78C11F75192C00773AEB /* Assets.xcassets */,
				476E78C31F75192C00773AEB /* Main.storyboard */,
				476E78C61F75192C00773AEB /* Info.plist */,
				476E78BB1F75192C00773AEB /* Supporting Files */,
			);
			path = ArrayViewController;
			sourceTree = "<group>";
		};
		476E78BB1F75192C00773AEB /* Supporting Files */ = {
			isa = PBXGroup;
			children = (
				476E78BC1F75192C00773AEB /* main.m */,
			);
			name = "Supporting Files";
			sourceTree = "<group>";
		};
		476E78CE1F75192D00773AEB /* ArrayViewControllerTests */ = {
			isa = PBXGroup;
			children = (
				476E78CF1F75192D00773AEB /* ArrayViewControllerTests.m */,
				476E78D11F75192D00773AEB /* Info.plist */,
			);
			path = ArrayViewControllerTests;
			sourceTree = "<group>";
		};
		476E78D91F75192D00773AEB /* ArrayViewControllerUITests */ = {
			isa = PBXGroup;
			children = (
				476E78DA1F75192D00773AEB /* ArrayViewControllerUITests.m */,
				476E78DC1F75192D00773AEB /* Info.plist */,
			);
			path = ArrayViewControllerUITests;
			sourceTree = "<group>";
		};
/* End PBXGroup section */

/* Begin PBXNativeTarget section */
		476E78B41F75192B00773AEB /* ArrayViewController */ = {
			isa = PBXNativeTarget;
			buildConfigurationList = 476E78DF1F75192D00773AEB /* Build configuration list for PBXNativeTarget "ArrayViewController" */;
			buildPhases = (
				476E78B11F75192B00773AEB /* Sources */,
				476E78B21F75192B00773AEB /* Frameworks */,
				476E78B31F75192B00773AEB /* Resources */,
			);
			buildRules = (
			);
			dependencies = (
			);
			name = ArrayViewController;
			productName = ArrayViewController;
			productReference = 476E78B51F75192B00773AEB /* ArrayViewController.app */;
			productType = "com.apple.product-type.application";
		};
		476E78CA1F75192D00773AEB /* ArrayViewControllerTests */ = {
			isa = PBXNativeTarget;
			buildConfigurationList = 476E78E21F75192D00773AEB /* Build configuration list for PBXNativeTarget "ArrayViewControllerTests" */;
			buildPhases = (
				476E78C71F75192D00773AEB /* Sources */,
				476E78C81F75192D00773AEB /* Frameworks */,
				476E78C91F75192D00773AEB /* Resources */,
			);
			buildRules = (
			);
			dependencies = (
				476E78CD1F75192D00773AEB /* PBXTargetDependency */,
			);
			name = ArrayViewControllerTests;
			productName = ArrayViewControllerTests;
			productReference = 476E78CB1F75192D00773AEB /* ArrayViewControllerTests.xctest */;
			productType = "com.apple.product-type.bundle.unit-test";
		};
		476E78D51F75192D00773AEB /* ArrayViewControllerUITests */ = {
			isa = PBXNativeTarget;
			buildConfigurationList = 476E78E51F75192D00773AEB /* Build configuration list for PBXNativeTarget "ArrayViewControllerUITests" */;
			buildPhases = (
				476E78D21F75192D00773AEB /* Sources */,
				476E78D31F75192D00773AEB /* Frameworks */,
				476E78D41F75192D00773AEB /* Resources */,
			);
			buildRules = (
			);
			dependencies = (
				476E78D81F75192D00773AEB /* PBXTargetDependency */,
			);
			name = ArrayViewControllerUITests;
			productName = ArrayViewControllerUITests;
			productReference = 476E78D61F75192D00773AEB /* ArrayViewControllerUITests.xctest */;
			productType = "com.apple.product-type.bundle.ui-testing";
		};
/* End PBXNativeTarget section */

/* Begin PBXProject section */
		476E78AD1F75192B00773AEB /* Project object */ = {
			isa = PBXProject;
			attributes = {
				LastUpgradeCheck = 0830;
				ORGANIZATIONNAME = ping222s;
				TargetAttributes = {
					476E78B41F75192B00773AEB = {
						CreatedOnToolsVersion = 8.3.3;
						DevelopmentTeam = LV4Y7242C3;
						ProvisioningStyle = Automatic;
					};
					476E78CA1F75192D00773AEB = {
						CreatedOnToolsVersion = 8.3.3;
						DevelopmentTeam = LV4Y7242C3;
						ProvisioningStyle = Automatic;
						TestTargetID = 476E78B41F75192B00773AEB;
					};
					476E78D51F75192D00773AEB = {
						CreatedOnToolsVersion = 8.3.3;
						DevelopmentTeam = LV4Y7242C3;
						ProvisioningStyle = Automatic;
						TestTargetID = 476E78B41F75192B00773AEB;
					};
				};
			};
			buildConfigurationList = 476E78B01F75192B00773AEB /* Build configuration list for PBXProject "ArrayViewController" */;
			compatibilityVersion = "Xcode 3.2";
			developmentRegion = English;
			hasScannedForEncodings = 0;
			knownRegions = (
				en,
				Base,
			);
			mainGroup = 476E78AC1F75192B00773AEB;
			productRefGroup = 476E78B61F75192B00773AEB /* Products */;
			projectDirPath = "";
			projectRoot = "";
			targets = (
				476E78B41F75192B00773AEB /* ArrayViewController */,
				476E78CA1F75192D00773AEB /* ArrayViewControllerTests */,
				476E78D51F75192D00773AEB /* ArrayViewControllerUITests */,
			);
		};
/* End PBXProject section */

/* Begin PBXResourcesBuildPhase section */
		476E78B31F75192B00773AEB /* Resources */ = {
			isa = PBXResourcesBuildPhase;
			buildActionMask = 2147483647;
			files = (
				476E78EC1F75195B00773AEB /* TableViewController.xib in Resources */,
				476E78C21F75192C00773AEB /* Assets.xcassets in Resources */,
				476E78C51F75192C00773AEB /* Main.storyboard in Resources */,
			);
			runOnlyForDeploymentPostprocessing = 0;
		};
		476E78C91F75192D00773AEB /* Resources */ = {
			isa = PBXResourcesBuildPhase;
			buildActionMask = 2147483647;
			files = (
			);
			runOnlyForDeploymentPostprocessing = 0;
		};
		476E78D41F75192D00773AEB /* Resources */ = {
			isa = PBXResourcesBuildPhase;
			buildActionMask = 2147483647;
			files = (
			);
			runOnlyForDeploymentPostprocessing = 0;
		};
/* End PBXResourcesBuildPhase section */

/* Begin PBXSourcesBuildPhase section */
		476E78B11F75192B00773AEB /* Sources */ = {
			isa = PBXSourcesBuildPhase;
			buildActionMask = 2147483647;
			files = (
				476E78C01F75192C00773AEB /* ViewController.m in Sources */,
				476E78BD1F75192C00773AEB /* main.m in Sources */,
				476E78BA1F75192C00773AEB /* AppDelegate.m in Sources */,
				47DF3CBC1F7647A0009013EF /* Document.m in Sources */,
				476E78EB1F75195B00773AEB /* TableViewController.m in Sources */,
			);
			runOnlyForDeploymentPostprocessing = 0;
		};
		476E78C71F75192D00773AEB /* Sources */ = {
			isa = PBXSourcesBuildPhase;
			buildActionMask = 2147483647;
			files = (
				476E78D01F75192D00773AEB /* ArrayViewControllerTests.m in Sources */,
			);
			runOnlyForDeploymentPostprocessing = 0;
		};
		476E78D21F75192D00773AEB /* Sources */ = {
			isa = PBXSourcesBuildPhase;
			buildActionMask = 2147483647;
			files = (
				476E78DB1F75192D00773AEB /* ArrayViewControllerUITests.m in Sources */,
			);
			runOnlyForDeploymentPostprocessing = 0;
		};
/* End PBXSourcesBuildPhase section */

/* Begin PBXTargetDependency section */
		476E78CD1F75192D00773AEB /* PBXTargetDependency */ = {
			isa = PBXTargetDependency;
			target = 476E78B41F75192B00773AEB /* ArrayViewController */;
			targetProxy = 476E78CC1F75192D00773AEB /* PBXContainerItemProxy */;
		};
		476E78D81F75192D00773AEB /* PBXTargetDependency */ = {
			isa = PBXTargetDependency;
			target = 476E78B41F75192B00773AEB /* ArrayViewController */;
			targetProxy = 476E78D71F75192D00773AEB /* PBXContainerItemProxy */;
		};
/* End PBXTargetDependency section */

/* Begin PBXVariantGroup section */
		476E78C31F75192C00773AEB /* Main.storyboard */ = {
			isa = PBXVariantGroup;
			children = (
				476E78C41F75192C00773AEB /* Base */,
			);
			name = Main.storyboard;
			sourceTree = "<group>";
		};
/* End PBXVariantGroup section */

/* Begin XCBuildConfiguration section */
		476E78DD1F75192D00773AEB /* Debug */ = {
			isa = XCBuildConfiguration;
			buildSettings = {
				ALWAYS_SEARCH_USER_PATHS = NO;
				CLANG_ANALYZER_NONNULL = YES;
				CLANG_ANALYZER_NUMBER_OBJECT_CONVERSION = YES_AGGRESSIVE;
				CLANG_CXX_LANGUAGE_STANDARD = "gnu++0x";
				CLANG_CXX_LIBRARY = "libc++";
				CLANG_ENABLE_MODULES = YES;
				CLANG_ENABLE_OBJC_ARC = YES;
				CLANG_WARN_BOOL_CONVERSION = YES;
				CLANG_WARN_CONSTANT_CONVERSION = YES;
				CLANG_WARN_DIRECT_OBJC_ISA_USAGE = YES_ERROR;
				CLANG_WARN_DOCUMENTATION_COMMENTS = YES;
				CLANG_WARN_EMPTY_BODY = YES;
				CLANG_WARN_ENUM_CONVERSION = YES;
				CLANG_WARN_INFINITE_RECURSION = YES;
				CLANG_WARN_INT_CONVERSION = YES;
				CLANG_WARN_OBJC_ROOT_CLASS = YES_ERROR;
				CLANG_WARN_SUSPICIOUS_MOVE = YES;
				CLANG_WARN_UNREACHABLE_CODE = YES;
				CLANG_WARN__DUPLICATE_METHOD_MATCH = YES;
				CODE_SIGN_IDENTITY = "-";
				COPY_PHASE_STRIP = NO;
				DEBUG_INFORMATION_FORMAT = dwarf;
				ENABLE_STRICT_OBJC_MSGSEND = YES;
				ENABLE_TESTABILITY = YES;
				GCC_C_LANGUAGE_STANDARD = gnu99;
				GCC_DYNAMIC_NO_PIC = NO;
				GCC_NO_COMMON_BLOCKS = YES;
				GCC_OPTIMIZATION_LEVEL = 0;
				GCC_PREPROCESSOR_DEFINITIONS = (
					"DEBUG=1",
					"$(inherited)",
				);
				GCC_WARN_64_TO_32_BIT_CONVERSION = YES;
				GCC_WARN_ABOUT_RETURN_TYPE = YES_ERROR;
				GCC_WARN_UNDECLARED_SELECTOR = YES;
				GCC_WARN_UNINITIALIZED_AUTOS = YES_AGGRESSIVE;
				GCC_WARN_UNUSED_FUNCTION = YES;
				GCC_WARN_UNUSED_VARIABLE = YES;
				MACOSX_DEPLOYMENT_TARGET = 10.12;
				MTL_ENABLE_DEBUG_INFO = YES;
				ONLY_ACTIVE_ARCH = YES;
				SDKROOT = macosx;
			};
			name = Debug;
		};
		476E78DE1F75192D00773AEB /* Release */ = {
			isa = XCBuildConfiguration;
			buildSettings = {
				ALWAYS_SEARCH_USER_PATHS = NO;
				CLANG_ANALYZER_NONNULL = YES;
				CLANG_ANALYZER_NUMBER_OBJECT_CONVERSION = YES_AGGRESSIVE;
				CLANG_CXX_LANGUAGE_STANDARD = "gnu++0x";
				CLANG_CXX_LIBRARY = "libc++";
				CLANG_ENABLE_MODULES = YES;
				CLANG_ENABLE_OBJC_ARC = YES;
				CLANG_WARN_BOOL_CONVERSION = YES;
				CLANG_WARN_CONSTANT_CONVERSION = YES;
				CLANG_WARN_DIRECT_OBJC_ISA_USAGE = YES_ERROR;
				CLANG_WARN_DOCUMENTATION_COMMENTS = YES;
				CLANG_WARN_EMPTY_BODY = YES;
				CLANG_WARN_ENUM_CONVERSION = YES;
				CLANG_WARN_INFINITE_RECURSION = YES;
				CLANG_WARN_INT_CONVERSION = YES;
				CLANG_WARN_OBJC_ROOT_CLASS = YES_ERROR;
				CLANG_WARN_SUSPICIOUS_MOVE = YES;
				CLANG_WARN_UNREACHABLE_CODE = YES;
				CLANG_WARN__DUPLICATE_METHOD_MATCH = YES;
				CODE_SIGN_IDENTITY = "-";
				COPY_PHASE_STRIP = NO;
				DEBUG_INFORMATION_FORMAT = "dwarf-with-dsym";
				ENABLE_NS_ASSERTIONS = NO;
				ENABLE_STRICT_OBJC_MSGSEND = YES;
				GCC_C_LANGUAGE_STANDARD = gnu99;
				GCC_NO_COMMON_BLOCKS = YES;
				GCC_WARN_64_TO_32_BIT_CONVERSION = YES;
				GCC_WARN_ABOUT_RETURN_TYPE = YES_ERROR;
				GCC_WARN_UNDECLARED_SELECTOR = YES;
				GCC_WARN_UNINITIALIZED_AUTOS = YES_AGGRESSIVE;
				GCC_WARN_UNUSED_FUNCTION = YES;
				GCC_WARN_UNUSED_VARIABLE = YES;
				MACOSX_DEPLOYMENT_TARGET = 10.12;
				MTL_ENABLE_DEBUG_INFO = NO;
				SDKROOT = macosx;
			};
			name = Release;
		};
		476E78E01F75192D00773AEB /* Debug */ = {
			isa = XCBuildConfiguration;
			buildSettings = {
				ASSETCATALOG_COMPILER_APPICON_NAME = AppIcon;
				COMBINE_HIDPI_IMAGES = YES;
				DEVELOPMENT_TEAM = LV4Y7242C3;
				INFOPLIST_FILE = ArrayViewController/Info.plist;
				LD_RUNPATH_SEARCH_PATHS = "$(inherited) @executable_path/../Frameworks";
				PRODUCT_BUNDLE_IDENTIFIER = com.zhou.ArrayViewController;
				PRODUCT_NAME = "$(TARGET_NAME)";
			};
			name = Debug;
		};
		476E78E11F75192D00773AEB /* Release */ = {
			isa = XCBuildConfiguration;
			buildSettings = {
				ASSETCATALOG_COMPILER_APPICON_NAME = AppIcon;
				COMBINE_HIDPI_IMAGES = YES;
				DEVELOPMENT_TEAM = LV4Y7242C3;
				INFOPLIST_FILE = ArrayViewController/Info.plist;
				LD_RUNPATH_SEARCH_PATHS = "$(inherited) @executable_path/../Frameworks";
				PRODUCT_BUNDLE_IDENTIFIER = com.zhou.ArrayViewController;
				PRODUCT_NAME = "$(TARGET_NAME)";
			};
			name = Release;
		};
		476E78E31F75192D00773AEB /* Debug */ = {
			isa = XCBuildConfiguration;
			buildSettings = {
				BUNDLE_LOADER = "$(TEST_HOST)";
				COMBINE_HIDPI_IMAGES = YES;
				DEVELOPMENT_TEAM = LV4Y7242C3;
				INFOPLIST_FILE = ArrayViewControllerTests/Info.plist;
				LD_RUNPATH_SEARCH_PATHS = "$(inherited) @executable_path/../Frameworks @loader_path/../Frameworks";
				PRODUCT_BUNDLE_IDENTIFIER = com.zhou.ArrayViewControllerTests;
				PRODUCT_NAME = "$(TARGET_NAME)";
				TEST_HOST = "$(BUILT_PRODUCTS_DIR)/ArrayViewController.app/Contents/MacOS/ArrayViewController";
			};
			name = Debug;
		};
		476E78E41F75192D00773AEB /* Release */ = {
			isa = XCBuildConfiguration;
			buildSettings = {
				BUNDLE_LOADER = "$(TEST_HOST)";
				COMBINE_HIDPI_IMAGES = YES;
				DEVELOPMENT_TEAM = LV4Y7242C3;
				INFOPLIST_FILE = ArrayViewControllerTests/Info.plist;
				LD_RUNPATH_SEARCH_PATHS = "$(inherited) @executable_path/../Frameworks @loader_path/../Frameworks";
				PRODUCT_BUNDLE_IDENTIFIER = com.zhou.ArrayViewControllerTests;
				PRODUCT_NAME = "$(TARGET_NAME)";
				TEST_HOST = "$(BUILT_PRODUCTS_DIR)/ArrayViewController.app/Contents/MacOS/ArrayViewController";
			};
			name = Release;
		};
		476E78E61F75192D00773AEB /* Debug */ = {
			isa = XCBuildConfiguration;
			buildSettings = {
				COMBINE_HIDPI_IMAGES = YES;
				DEVELOPMENT_TEAM = LV4Y7242C3;
				INFOPLIST_FILE = ArrayViewControllerUITests/Info.plist;
				LD_RUNPATH_SEARCH_PATHS = "$(inherited) @executable_path/../Frameworks @loader_path/../Frameworks";
				PRODUCT_BUNDLE_IDENTIFIER = com.zhou.ArrayViewControllerUITests;
				PRODUCT_NAME = "$(TARGET_NAME)";
				TEST_TARGET_NAME = ArrayViewController;
			};
			name = Debug;
		};
		476E78E71F75192D00773AEB /* Release */ = {
			isa = XCBuildConfiguration;
			buildSettings = {
				COMBINE_HIDPI_IMAGES = YES;
				DEVELOPMENT_TEAM = LV4Y7242C3;
				INFOPLIST_FILE = ArrayViewControllerUITests/Info.plist;
				LD_RUNPATH_SEARCH_PATHS = "$(inherited) @executable_path/../Frameworks @loader_path/../Frameworks";
				PRODUCT_BUNDLE_IDENTIFIER = com.zhou.ArrayViewControllerUITests;
				PRODUCT_NAME = "$(TARGET_NAME)";
				TEST_TARGET_NAME = ArrayViewController;
			};
			name = Release;
		};
/* End XCBuildConfiguration section */

/* Begin XCConfigurationList section */
		476E78B01F75192B00773AEB /* Build configuration list for PBXProject "ArrayViewController" */ = {
			isa = XCConfigurationList;
			buildConfigurations = (
				476E78DD1F75192D00773AEB /* Debug */,
				476E78DE1F75192D00773AEB /* Release */,
			);
			defaultConfigurationIsVisible = 0;
			defaultConfigurationName = Release;
		};
		476E78DF1F75192D00773AEB /* Build configuration list for PBXNativeTarget "ArrayViewController" */ = {
			isa = XCConfigurationList;
			buildConfigurations = (
				476E78E01F75192D00773AEB /* Debug */,
				476E78E11F75192D00773AEB /* Release */,
			);
			defaultConfigurationIsVisible = 0;
			defaultConfigurationName = Release;
		};
		476E78E21F75192D00773AEB /* Build configuration list for PBXNativeTarget "ArrayViewControllerTests" */ = {
			isa = XCConfigurationList;
			buildConfigurations = (
				476E78E31F75192D00773AEB /* Debug */,
				476E78E41F75192D00773AEB /* Release */,
			);
			defaultConfigurationIsVisible = 0;
			defaultConfigurationName = Release;
		};
		476E78E51F75192D00773AEB /* Build configuration list for PBXNativeTarget "ArrayViewControllerUITests" */ = {
			isa = XCConfigurationList;
			buildConfigurations = (
				476E78E61F75192D00773AEB /* Debug */,
				476E78E71F75192D00773AEB /* Release */,
			);
			defaultConfigurationIsVisible = 0;
			defaultConfigurationName = Release;
		};
/* End XCConfigurationList section */
	};
	rootObject = 476E78AD1F75192B00773AEB /* Project object */;
}
